
Microsoft Visual Studio Solution File, Format Version 12.00
# Visual Studio Version 17
VisualStudioVersion = 17.3.32825.248
MinimumVisualStudioVersion = 10.0.40219.1
Project("{FAE04EC0-301F-11D3-BF4B-00C04F79EFBC}") = "FirstCICDGitHubPipeline", "FirstCICDGitHubPipeline\FirstCICDGitHubPipeline.csproj", "{44AE1BA0-4924-4953-9289-1AF638625BA7}"
EndProject
Global
	GlobalSection(SolutionConfigurationPlatforms) = preSolution
		Debug|Any CPU = Debug|Any CPU
		Release|Any CPU = Release|Any CPU
	EndGlobalSection
	GlobalSection(ProjectConfigurationPlatforms) = postSolution
		{44AE1BA0-4924-4953-9289-1AF638625BA7}.Debug|Any CPU.ActiveCfg = Debug|Any CPU
		{44AE1BA0-4924-4953-9289-1AF638625BA7}.Debug|Any CPU.Build.0 = Debug|Any CPU
		{44AE1BA0-4924-4953-9289-1AF638625BA7}.Release|Any CPU.ActiveCfg = Release|Any CPU
		{44AE1BA0-4924-4953-9289-1AF638625BA7}.Release|Any CPU.Build.0 = Release|Any CPU
	EndGlobalSection
	GlobalSection(SolutionProperties) = preSolution
		HideSolutionNode = FALSE
	EndGlobalSection
	GlobalSection(ExtensibilityGlobals) = postSolution
		SolutionGuid = {2AB1AE6B-42E5-4AEE-ABF3-192281DB181A}
	EndGlobalSection
EndGlobal
